
Microsoft Visual Studio Solution File, Format Version 12.00
# Visual Studio 15
VisualStudioVersion = 15.0.27130.2027
MinimumVisualStudioVersion = 10.0.40219.1
Project("{FAE04EC0-301F-11D3-BF4B-00C04F79EFBC}") = "ModAlarm", "ModAlarm\ModAlarm.csproj", "{85C73C23-FD43-4E4C-8437-71144530A51D}"
EndProject
Project("{FAE04EC0-301F-11D3-BF4B-00C04F79EFBC}") = "ModAlarmTest", "ModAlarm\ModAlarmTest.csproj", "{C346D1B8-D73F-4A39-AD21-B1FFE6D40B49}"
EndProject
Global
	GlobalSection(SolutionConfigurationPlatforms) = preSolution
		Debug|Any CPU = Debug|Any CPU
		Release|Any CPU = Release|Any CPU
	EndGlobalSection
	GlobalSection(ProjectConfigurationPlatforms) = postSolution
		{85C73C23-FD43-4E4C-8437-71144530A51D}.Debug|Any CPU.ActiveCfg = Debug|Any CPU
		{85C73C23-FD43-4E4C-8437-71144530A51D}.Debug|Any CPU.Build.0 = Debug|Any CPU
		{85C73C23-FD43-4E4C-8437-71144530A51D}.Release|Any CPU.ActiveCfg = Release|Any CPU
		{85C73C23-FD43-4E4C-8437-71144530A51D}.Release|Any CPU.Build.0 = Release|Any CPU
		{C346D1B8-D73F-4A39-AD21-B1FFE6D40B49}.Debug|Any CPU.ActiveCfg = Debug|Any CPU
		{C346D1B8-D73F-4A39-AD21-B1FFE6D40B49}.Debug|Any CPU.Build.0 = Debug|Any CPU
		{C346D1B8-D73F-4A39-AD21-B1FFE6D40B49}.Release|Any CPU.ActiveCfg = Release|Any CPU
		{C346D1B8-D73F-4A39-AD21-B1FFE6D40B49}.Release|Any CPU.Build.0 = Release|Any CPU
	EndGlobalSection
	GlobalSection(SolutionProperties) = preSolution
		HideSolutionNode = FALSE
	EndGlobalSection
	GlobalSection(ExtensibilityGlobals) = postSolution
		SolutionGuid = {FFFC778D-A227-45FC-8102-56BEF1B351E6}
	EndGlobalSection
EndGlobal
